<?xml version="1.0" encoding="utf-8"?>
<Project ToolsVersion="4.0" xmlns="http://schemas.microsoft.com/developer/msbuild/2003">
  <ItemGroup>
    <Filter Include="Source Files">
      <UniqueIdentifier>{4FC737F1-C7A5-4376-A066-2A32D752A2FF}</UniqueIdentifier>
      <Extensions>cpp;c;cc;cxx;def;odl;idl;hpj;bat;asm;asmx</Extensions>
    </Filter>
    <Filter Include="svg">
      <UniqueIdentifier>{5de2d353-0772-4524-94e0-6fd03acf08fb}</UniqueIdentifier>
    </Filter>
    <Filter Include="bx">
      <UniqueIdentifier>{e5f64632-9978-4fbf-a341-0a5f8cb8c9e1}</UniqueIdentifier>
    </Filter>
  </ItemGroup>
  <ItemGroup>
    <ClCompile Include="src\main.cpp">
      <Filter>Source Files</Filter>
    </ClCompile>
    <ClCompile Include="src\svg\svg.cpp">
      <Filter>svg</Filter>
    </ClCompile>
    <ClCompile Include="bx\src\allocator.cpp">
      <Filter>bx</Filter>
    </ClCompile>
    <ClCompile Include="bx\src\bx.cpp">
      <Filter>bx</Filter>
    </ClCompile>
    <ClCompile Include="bx\src\commandline.cpp">
      <Filter>bx</Filter>
    </ClCompile>
    <ClCompile Include="bx\src\crtnone.cpp">
      <Filter>bx</Filter>
    </ClCompile>
    <ClCompile Include="bx\src\debug.cpp">
      <Filter>bx</Filter>
    </ClCompile>
    <ClCompile Include="bx\src\dtoa.cpp">
      <Filter>bx</Filter>
    </ClCompile>
    <ClCompile Include="bx\src\easing.cpp">
      <Filter>bx</Filter>
    </ClCompile>
    <ClCompile Include="bx\src\file.cpp">
      <Filter>bx</Filter>
    </ClCompile>
    <ClCompile Include="bx\src\filepath.cpp">
      <Filter>bx</Filter>
    </ClCompile>
    <ClCompile Include="bx\src\hash.cpp">
      <Filter>bx</Filter>
    </ClCompile>
    <ClCompile Include="bx\src\math.cpp">
      <Filter>bx</Filter>
    </ClCompile>
    <ClCompile Include="bx\src\mutex.cpp">
      <Filter>bx</Filter>
    </ClCompile>
    <ClCompile Include="bx\src\os.cpp">
      <Filter>bx</Filter>
    </ClCompile>
    <ClCompile Include="bx\src\process.cpp">
      <Filter>bx</Filter>
    </ClCompile>
    <ClCompile Include="bx\src\semaphore.cpp">
      <Filter>bx</Filter>
    </ClCompile>
    <ClCompile Include="bx\src\sort.cpp">
      <Filter>bx</Filter>
    </ClCompile>
    <ClCompile Include="bx\src\string.cpp">
      <Filter>bx</Filter>
    </ClCompile>
    <ClCompile Include="bx\src\thread.cpp">
      <Filter>bx</Filter>
    </ClCompile>
    <ClCompile Include="bx\src\timer.cpp">
      <Filter>bx</Filter>
    </ClCompile>
    <ClCompile Include="bx\src\url.cpp">
      <Filter>bx</Filter>
    </ClCompile>
    <ClCompile Include="src\svg\svg_builder.cpp">
      <Filter>svg</Filter>
    </ClCompile>
  </ItemGroup>
  <ItemGroup>
    <ClInclude Include="src\svg\svg.h">
      <Filter>svg</Filter>
    </ClInclude>
    <ClInclude Include="bx\src\bx_p.h">
      <Filter>bx</Filter>
    </ClInclude>
  </ItemGroup>
</Project>